
Microsoft Visual Studio Solution File, Format Version 12.00
# Visual Studio 2013
VisualStudioVersion = 12.0.30723.0
MinimumVisualStudioVersion = 10.0.40219.1
Project("{FAE04EC0-301F-11D3-BF4B-00C04F79EFBC}") = "AngularWebApiAuthExample.WebApis", "AngularWebApiAuthExample.WebApis\AngularWebApiAuthExample.WebApis.csproj", "{439CF256-150B-4BA2-85C9-56B07A194861}"
EndProject
Project("{2150E333-8FDC-42A3-9474-1A3956D46DE8}") = ".nuget", ".nuget", "{CE66AA49-1442-4BB4-99CA-B1800B6C5EF3}"
	ProjectSection(SolutionItems) = preProject
		.nuget\NuGet.Config = .nuget\NuGet.Config
		.nuget\NuGet.exe = .nuget\NuGet.exe
		.nuget\NuGet.targets = .nuget\NuGet.targets
	EndProjectSection
EndProject
Project("{FAE04EC0-301F-11D3-BF4B-00C04F79EFBC}") = "AngularWebApiAuthExample.Angular", "AngularWebApiAuthExample.Angular\AngularWebApiAuthExample.Angular.csproj", "{720F7579-6027-4500-9089-B72DA11A2B8E}"
EndProject
Global
	GlobalSection(SolutionConfigurationPlatforms) = preSolution
		Debug|Any CPU = Debug|Any CPU
		Release|Any CPU = Release|Any CPU
	EndGlobalSection
	GlobalSection(ProjectConfigurationPlatforms) = postSolution
		{439CF256-150B-4BA2-85C9-56B07A194861}.Debug|Any CPU.ActiveCfg = Debug|Any CPU
		{439CF256-150B-4BA2-85C9-56B07A194861}.Debug|Any CPU.Build.0 = Debug|Any CPU
		{439CF256-150B-4BA2-85C9-56B07A194861}.Release|Any CPU.ActiveCfg = Release|Any CPU
		{439CF256-150B-4BA2-85C9-56B07A194861}.Release|Any CPU.Build.0 = Release|Any CPU
		{720F7579-6027-4500-9089-B72DA11A2B8E}.Debug|Any CPU.ActiveCfg = Debug|Any CPU
		{720F7579-6027-4500-9089-B72DA11A2B8E}.Debug|Any CPU.Build.0 = Debug|Any CPU
		{720F7579-6027-4500-9089-B72DA11A2B8E}.Release|Any CPU.ActiveCfg = Release|Any CPU
		{720F7579-6027-4500-9089-B72DA11A2B8E}.Release|Any CPU.Build.0 = Release|Any CPU
	EndGlobalSection
	GlobalSection(SolutionProperties) = preSolution
		HideSolutionNode = FALSE
	EndGlobalSection
EndGlobal
